dependencies:
  d3-geo: 1.11.9
lockfileVersion: 5.1
packages:
  /d3-array/1.2.4:
    dev: false
    resolution:
      integrity: sha512-KHW6M86R+FUPYGb3R5XiYjXPq7VzwxZ22buHhAEVG5ztoEcZZMLov530mmccaqA1GghZArjQV46fuc8kUqhhHw==
  /d3-geo/1.11.9:
    dependencies:
      d3-array: 1.2.4
    dev: false
    resolution:
      integrity: sha512-9edcH6J3s/Aa3KJITWqFJbyB/8q3mMlA9Fi7z6yy+FAYMnRaxmC7jBhUnsINxVWD14GmqX3DK8uk7nV6/Ekt4A==
specifiers:
  d3-geo: ^1.11.9
